PODS:
  - Alamofire (5.4.4)
  - IQKeyboardManagerSwift (6.5.8)
  - SnapKit (5.0.1)

DEPENDENCIES:
  - Alamofire
  - IQKeyboardManagerSwift
  - SnapKit

SPEC REPOS:
  trunk:
    - Alamofire
    - IQKeyboardManagerSwift
    - SnapKit

SPEC CHECKSUMS:
  Alamofire: f3b09a368f1582ab751b3fff5460276e0d2cf5c9
  IQKeyboardManagerSwift: 8139150a3c90a915a413d72a8a3e8634c2d3278b
  SnapKit: 97b92857e3df3a0c71833cce143274bf6ef8e5eb

PODFILE CHECKSUM: 9b6e2ff0f012dcd90c2c96b786238de22c3c750f

COCOAPODS: 1.10.2
